{
    "name": "lb-tabbar自定义tabbar",
    "version": "v1.0.3",
    "lockfileVersion": 2,
    "requires": true,
    "packages": {
        "": {
            "name": "lb-tabbar自定义tabbar",
            "version": "v1.0.3",
            "dependencies": {
                "uni-lb-tabbar": "^1.0.3",
                "uniapp-route-guards": "^1.0.7"
            }
        },
        "node_modules/uni-lb-tabbar": {
            "version": "1.0.3",
            "resolved": "https://registry.npmjs.org/uni-lb-tabbar/-/uni-lb-tabbar-1.0.3.tgz",
            "integrity": "sha512-BVtZQ2fd7JLuiXwEhnIzglHg3428K3q/AAHrMBITi48/uOzs8JuSLqdky9LGKBUasmDV9eO1N/WtwAlUa0x6xw=="
        },
        "node_modules/uniapp-route-guards": {
            "version": "1.0.7",
            "resolved": "https://registry.npmjs.org/uniapp-route-guards/-/uniapp-route-guards-1.0.7.tgz",
            "integrity": "sha512-w9FYzar+EjfB64VYHQnmVcOfVkPQ1bv8u4wNTHln+rPKSTdjXjd3ubkYOLOuUcJfzsUHwxKC9hc2/ZFK90STOw=="
        }
    },
    "dependencies": {
        "uni-lb-tabbar": {
            "version": "1.0.3",
            "resolved": "https://registry.npmjs.org/uni-lb-tabbar/-/uni-lb-tabbar-1.0.3.tgz",
            "integrity": "sha512-BVtZQ2fd7JLuiXwEhnIzglHg3428K3q/AAHrMBITi48/uOzs8JuSLqdky9LGKBUasmDV9eO1N/WtwAlUa0x6xw=="
        },
        "uniapp-route-guards": {
            "version": "1.0.7",
            "resolved": "https://registry.npmjs.org/uniapp-route-guards/-/uniapp-route-guards-1.0.7.tgz",
            "integrity": "sha512-w9FYzar+EjfB64VYHQnmVcOfVkPQ1bv8u4wNTHln+rPKSTdjXjd3ubkYOLOuUcJfzsUHwxKC9hc2/ZFK90STOw=="
        }
    }
}
