{
    "name": "lb-tabbar自定义tabbar",
    "version": "v1.0.3",
    "lockfileVersion": 1,
    "requires": true,
    "dependencies": {
        "uniapp-route-guards": {
            "version": "1.0.7",
            "resolved": "https://registry.npmjs.org/uniapp-route-guards/-/uniapp-route-guards-1.0.7.tgz",
            "integrity": "sha512-w9FYzar+EjfB64VYHQnmVcOfVkPQ1bv8u4wNTHln+rPKSTdjXjd3ubkYOLOuUcJfzsUHwxKC9hc2/ZFK90STOw=="
        }
    }
}
